// !$*UTF8*$!
{
	archiveVersion = 1;
	classes = {
	};
	objectVersion = 56;
	objects = {

/* Begin PBXBuildFile section */
		EFA1987E29D2156300D99FF4 /* Sucursal.swift in Sources */ = {isa = PBXBuildFile; fileRef = EFA1987D29D2156300D99FF4 /* Sucursal.swift */; };
		EFF1C96329CA120E0029E35C /* AppDelegate.swift in Sources */ = {isa = PBXBuildFile; fileRef = EFF1C96229CA120E0029E35C /* AppDelegate.swift */; };
		EFF1C96529CA120E0029E35C /* SceneDelegate.swift in Sources */ = {isa = PBXBuildFile; fileRef = EFF1C96429CA120E0029E35C /* SceneDelegate.swift */; };
		EFF1C96729CA120E0029E35C /* ViewController.swift in Sources */ = {isa = PBXBuildFile; fileRef = EFF1C96629CA120E0029E35C /* ViewController.swift */; };
		EFF1C96A29CA120E0029E35C /* Main.storyboard in Resources */ = {isa = PBXBuildFile; fileRef = EFF1C96829CA120E0029E35C /* Main.storyboard */; };
		EFF1C96D29CA120E0029E35C /* DGarciaMapas.xcdatamodeld in Sources */ = {isa = PBXBuildFile; fileRef = EFF1C96B29CA120E0029E35C /* DGarciaMapas.xcdatamodeld */; };
		EFF1C96F29CA120F0029E35C /* Assets.xcassets in Resources */ = {isa = PBXBuildFile; fileRef = EFF1C96E29CA120F0029E35C /* Assets.xcassets */; };
		EFF1C97229CA120F0029E35C /* LaunchScreen.storyboard in Resources */ = {isa = PBXBuildFile; fileRef = EFF1C97029CA120F0029E35C /* LaunchScreen.storyboard */; };
/* End PBXBuildFile section */

/* Begin PBXFileReference section */
		EFA1987D29D2156300D99FF4 /* Sucursal.swift */ = {isa = PBXFileReference; lastKnownFileType = sourcecode.swift; path = Sucursal.swift; sourceTree = "<group>"; };
		EFF1C95F29CA120E0029E35C /* DGarciaMapas.app */ = {isa = PBXFileReference; explicitFileType = wrapper.application; includeInIndex = 0; path = DGarciaMapas.app; sourceTree = BUILT_PRODUCTS_DIR; };
		EFF1C96229CA120E0029E35C /* AppDelegate.swift */ = {isa = PBXFileReference; lastKnownFileType = sourcecode.swift; path = AppDelegate.swift; sourceTree = "<group>"; };
		EFF1C96429CA120E0029E35C /* SceneDelegate.swift */ = {isa = PBXFileReference; lastKnownFileType = sourcecode.swift; path = SceneDelegate.swift; sourceTree = "<group>"; };
		EFF1C96629CA120E0029E35C /* ViewController.swift */ = {isa = PBXFileReference; lastKnownFileType = sourcecode.swift; path = ViewController.swift; sourceTree = "<group>"; };
		EFF1C96929CA120E0029E35C /* Base */ = {isa = PBXFileReference; lastKnownFileType = file.storyboard; name = Base; path = Base.lproj/Main.storyboard; sourceTree = "<group>"; };
		EFF1C96C29CA120E0029E35C /* DGarciaMapas.xcdatamodel */ = {isa = PBXFileReference; lastKnownFileType = wrapper.xcdatamodel; path = DGarciaMapas.xcdatamodel; sourceTree = "<group>"; };
		EFF1C96E29CA120F0029E35C /* Assets.xcassets */ = {isa = PBXFileReference; lastKnownFileType = folder.assetcatalog; path = Assets.xcassets; sourceTree = "<group>"; };
		EFF1C97129CA120F0029E35C /* Base */ = {isa = PBXFileReference; lastKnownFileType = file.storyboard; name = Base; path = Base.lproj/LaunchScreen.storyboard; sourceTree = "<group>"; };
		EFF1C97329CA120F0029E35C /* Info.plist */ = {isa = PBXFileReference; lastKnownFileType = text.plist.xml; path = Info.plist; sourceTree = "<group>"; };
/* End PBXFileReference section */

/* Begin PBXFrameworksBuildPhase section */
		EFF1C95C29CA120E0029E35C /* Frameworks */ = {
			isa = PBXFrameworksBuildPhase;
			buildActionMask = 2147483647;
			files = (
			);
			runOnlyForDeploymentPostprocessing = 0;
		};
/* End PBXFrameworksBuildPhase section */

/* Begin PBXGroup section */
		EFF1C95629CA120E0029E35C = {
			isa = PBXGroup;
			children = (
				EFF1C96129CA120E0029E35C /* DGarciaMapas */,
				EFF1C96029CA120E0029E35C /* Products */,
			);
			sourceTree = "<group>";
		};
		EFF1C96029CA120E0029E35C /* Products */ = {
			isa = PBXGroup;
			children = (
				EFF1C95F29CA120E0029E35C /* DGarciaMapas.app */,
			);
			name = Products;
			sourceTree = "<group>";
		};
		EFF1C96129CA120E0029E35C /* DGarciaMapas */ = {
			isa = PBXGroup;
			children = (
				EFF1C96229CA120E0029E35C /* AppDelegate.swift */,
				EFF1C96429CA120E0029E35C /* SceneDelegate.swift */,
				EFF1C96629CA120E0029E35C /* ViewController.swift */,
				EFF1C96829CA120E0029E35C /* Main.storyboard */,
				EFF1C96E29CA120F0029E35C /* Assets.xcassets */,
				EFF1C97029CA120F0029E35C /* LaunchScreen.storyboard */,
				EFF1C97329CA120F0029E35C /* Info.plist */,
				EFF1C96B29CA120E0029E35C /* DGarciaMapas.xcdatamodeld */,
				EFA1987D29D2156300D99FF4 /* Sucursal.swift */,
			);
			path = DGarciaMapas;
			sourceTree = "<group>";
		};
/* End PBXGroup section */

/* Begin PBXNativeTarget section */
		EFF1C95E29CA120E0029E35C /* DGarciaMapas */ = {
			isa = PBXNativeTarget;
			buildConfigurationList = EFF1C97629CA120F0029E35C /* Build configuration list for PBXNativeTarget "DGarciaMapas" */;
			buildPhases = (
				EFF1C95B29CA120E0029E35C /* Sources */,
				EFF1C95C29CA120E0029E35C /* Frameworks */,
				EFF1C95D29CA120E0029E35C /* Resources */,
			);
			buildRules = (
			);
			dependencies = (
			);
			name = DGarciaMapas;
			productName = DGarciaMapas;
			productReference = EFF1C95F29CA120E0029E35C /* DGarciaMapas.app */;
			productType = "com.apple.product-type.application";
		};
/* End PBXNativeTarget section */

/* Begin PBXProject section */
		EFF1C95729CA120E0029E35C /* Project object */ = {
			isa = PBXProject;
			attributes = {
				BuildIndependentTargetsInParallel = 1;
				LastSwiftUpdateCheck = 1410;
				LastUpgradeCheck = 1410;
				TargetAttributes = {
					EFF1C95E29CA120E0029E35C = {
						CreatedOnToolsVersion = 14.1;
					};
				};
			};
			buildConfigurationList = EFF1C95A29CA120E0029E35C /* Build configuration list for PBXProject "DGarciaMapas" */;
			compatibilityVersion = "Xcode 14.0";
			developmentRegion = en;
			hasScannedForEncodings = 0;
			knownRegions = (
				en,
				Base,
			);
			mainGroup = EFF1C95629CA120E0029E35C;
			productRefGroup = EFF1C96029CA120E0029E35C /* Products */;
			projectDirPath = "";
			projectRoot = "";
			targets = (
				EFF1C95E29CA120E0029E35C /* DGarciaMapas */,
			);
		};
/* End PBXProject section */

/* Begin PBXResourcesBuildPhase section */
		EFF1C95D29CA120E0029E35C /* Resources */ = {
			isa = PBXResourcesBuildPhase;
			buildActionMask = 2147483647;
			files = (
				EFF1C97229CA120F0029E35C /* LaunchScreen.storyboard in Resources */,
				EFF1C96F29CA120F0029E35C /* Assets.xcassets in Resources */,
				EFF1C96A29CA120E0029E35C /* Main.storyboard in Resources */,
			);
			runOnlyForDeploymentPostprocessing = 0;
		};
/* End PBXResourcesBuildPhase section */

/* Begin PBXSourcesBuildPhase section */
		EFF1C95B29CA120E0029E35C /* Sources */ = {
			isa = PBXSourcesBuildPhase;
			buildActionMask = 2147483647;
			files = (
				EFA1987E29D2156300D99FF4 /* Sucursal.swift in Sources */,
				EFF1C96729CA120E0029E35C /* ViewController.swift in Sources */,
				EFF1C96329CA120E0029E35C /* AppDelegate.swift in Sources */,
				EFF1C96D29CA120E0029E35C /* DGarciaMapas.xcdatamodeld in Sources */,
				EFF1C96529CA120E0029E35C /* SceneDelegate.swift in Sources */,
			);
			runOnlyForDeploymentPostprocessing = 0;
		};
/* End PBXSourcesBuildPhase section */

/* Begin PBXVariantGroup section */
		EFF1C96829CA120E0029E35C /* Main.storyboard */ = {
			isa = PBXVariantGroup;
			children = (
				EFF1C96929CA120E0029E35C /* Base */,
			);
			name = Main.storyboard;
			sourceTree = "<group>";
		};
		EFF1C97029CA120F0029E35C /* LaunchScreen.storyboard */ = {
			isa = PBXVariantGroup;
			children = (
				EFF1C97129CA120F0029E35C /* Base */,
			);
			name = LaunchScreen.storyboard;
			sourceTree = "<group>";
		};
/* End PBXVariantGroup section */

/* Begin XCBuildConfiguration section */
		EFF1C97429CA120F0029E35C /* Debug */ = {
			isa = XCBuildConfiguration;
			buildSettings = {
				ALWAYS_SEARCH_USER_PATHS = NO;
				CLANG_ANALYZER_NONNULL = YES;
				CLANG_ANALYZER_NUMBER_OBJECT_CONVERSION = YES_AGGRESSIVE;
				CLANG_CXX_LANGUAGE_STANDARD = "gnu++20";
				CLANG_ENABLE_MODULES = YES;
				CLANG_ENABLE_OBJC_ARC = YES;
				CLANG_ENABLE_OBJC_WEAK = YES;
				CLANG_WARN_BLOCK_CAPTURE_AUTORELEASING = YES;
				CLANG_WARN_BOOL_CONVERSION = YES;
				CLANG_WARN_COMMA = YES;
				CLANG_WARN_CONSTANT_CONVERSION = YES;
				CLANG_WARN_DEPRECATED_OBJC_IMPLEMENTATIONS = YES;
				CLANG_WARN_DIRECT_OBJC_ISA_USAGE = YES_ERROR;
				CLANG_WARN_DOCUMENTATION_COMMENTS = YES;
				CLANG_WARN_EMPTY_BODY = YES;
				CLANG_WARN_ENUM_CONVERSION = YES;
				CLANG_WARN_INFINITE_RECURSION = YES;
				CLANG_WARN_INT_CONVERSION = YES;
				CLANG_WARN_NON_LITERAL_NULL_CONVERSION = YES;
				CLANG_WARN_OBJC_IMPLICIT_RETAIN_SELF = YES;
				CLANG_WARN_OBJC_LITERAL_CONVERSION = YES;
				CLANG_WARN_OBJC_ROOT_CLASS = YES_ERROR;
				CLANG_WARN_QUOTED_INCLUDE_IN_FRAMEWORK_HEADER = YES;
				CLANG_WARN_RANGE_LOOP_ANALYSIS = YES;
				CLANG_WARN_STRICT_PROTOTYPES = YES;
				CLANG_WARN_SUSPICIOUS_MOVE = YES;
				CLANG_WARN_UNGUARDED_AVAILABILITY = YES_AGGRESSIVE;
				CLANG_WARN_UNREACHABLE_CODE = YES;
				CLANG_WARN__DUPLICATE_METHOD_MATCH = YES;
				COPY_PHASE_STRIP = NO;
				DEBUG_INFORMATION_FORMAT = dwarf;
				ENABLE_STRICT_OBJC_MSGSEND = YES;
				ENABLE_TESTABILITY = YES;
				GCC_C_LANGUAGE_STANDARD = gnu11;
				GCC_DYNAMIC_NO_PIC = NO;
				GCC_NO_COMMON_BLOCKS = YES;
				GCC_OPTIMIZATION_LEVEL = 0;
				GCC_PREPROCESSOR_DEFINITIONS = (
					"DEBUG=1",
					"$(inherited)",
				);
				GCC_WARN_64_TO_32_BIT_CONVERSION = YES;
				GCC_WARN_ABOUT_RETURN_TYPE = YES_ERROR;
				GCC_WARN_UNDECLARED_SELECTOR = YES;
				GCC_WARN_UNINITIALIZED_AUTOS = YES_AGGRESSIVE;
				GCC_WARN_UNUSED_FUNCTION = YES;
				GCC_WARN_UNUSED_VARIABLE = YES;
				IPHONEOS_DEPLOYMENT_TARGET = 16.1;
				MTL_ENABLE_DEBUG_INFO = INCLUDE_SOURCE;
				MTL_FAST_MATH = YES;
				ONLY_ACTIVE_ARCH = YES;
				SDKROOT = iphoneos;
				SWIFT_ACTIVE_COMPILATION_CONDITIONS = DEBUG;
				SWIFT_OPTIMIZATION_LEVEL = "-Onone";
			};
			name = Debug;
		};
		EFF1C97529CA120F0029E35C /* Release */ = {
			isa = XCBuildConfiguration;
			buildSettings = {
				ALWAYS_SEARCH_USER_PATHS = NO;
				CLANG_ANALYZER_NONNULL = YES;
				CLANG_ANALYZER_NUMBER_OBJECT_CONVERSION = YES_AGGRESSIVE;
				CLANG_CXX_LANGUAGE_STANDARD = "gnu++20";
				CLANG_ENABLE_MODULES = YES;
				CLANG_ENABLE_OBJC_ARC = YES;
				CLANG_ENABLE_OBJC_WEAK = YES;
				CLANG_WARN_BLOCK_CAPTURE_AUTORELEASING = YES;
				CLANG_WARN_BOOL_CONVERSION = YES;
				CLANG_WARN_COMMA = YES;
				CLANG_WARN_CONSTANT_CONVERSION = YES;
				CLANG_WARN_DEPRECATED_OBJC_IMPLEMENTATIONS = YES;
				CLANG_WARN_DIRECT_OBJC_ISA_USAGE = YES_ERROR;
				CLANG_WARN_DOCUMENTATION_COMMENTS = YES;
				CLANG_WARN_EMPTY_BODY = YES;
				CLANG_WARN_ENUM_CONVERSION = YES;
				CLANG_WARN_INFINITE_RECURSION = YES;
				CLANG_WARN_INT_CONVERSION = YES;
				CLANG_WARN_NON_LITERAL_NULL_CONVERSION = YES;
				CLANG_WARN_OBJC_IMPLICIT_RETAIN_SELF = YES;
				CLANG_WARN_OBJC_LITERAL_CONVERSION = YES;
				CLANG_WARN_OBJC_ROOT_CLASS = YES_ERROR;
				CLANG_WARN_QUOTED_INCLUDE_IN_FRAMEWORK_HEADER = YES;
				CLANG_WARN_RANGE_LOOP_ANALYSIS = YES;
				CLANG_WARN_STRICT_PROTOTYPES = YES;
				CLANG_WARN_SUSPICIOUS_MOVE = YES;
				CLANG_WARN_UNGUARDED_AVAILABILITY = YES_AGGRESSIVE;
				CLANG_WARN_UNREACHABLE_CODE = YES;
				CLANG_WARN__DUPLICATE_METHOD_MATCH = YES;
				COPY_PHASE_STRIP = NO;
				DEBUG_INFORMATION_FORMAT = "dwarf-with-dsym";
				ENABLE_NS_ASSERTIONS = NO;
				ENABLE_STRICT_OBJC_MSGSEND = YES;
				GCC_C_LANGUAGE_STANDARD = gnu11;
				GCC_NO_COMMON_BLOCKS = YES;
				GCC_WARN_64_TO_32_BIT_CONVERSION = YES;
				GCC_WARN_ABOUT_RETURN_TYPE = YES_ERROR;
				GCC_WARN_UNDECLARED_SELECTOR = YES;
				GCC_WARN_UNINITIALIZED_AUTOS = YES_AGGRESSIVE;
				GCC_WARN_UNUSED_FUNCTION = YES;
				GCC_WARN_UNUSED_VARIABLE = YES;
				IPHONEOS_DEPLOYMENT_TARGET = 16.1;
				MTL_ENABLE_DEBUG_INFO = NO;
				MTL_FAST_MATH = YES;
				SDKROOT = iphoneos;
				SWIFT_COMPILATION_MODE = wholemodule;
				SWIFT_OPTIMIZATION_LEVEL = "-O";
				VALIDATE_PRODUCT = YES;
			};
			name = Release;
		};
		EFF1C97729CA120F0029E35C /* Debug */ = {
			isa = XCBuildConfiguration;
			buildSettings = {
				ASSETCATALOG_COMPILER_APPICON_NAME = AppIcon;
				ASSETCATALOG_COMPILER_GLOBAL_ACCENT_COLOR_NAME = AccentColor;
				CODE_SIGN_STYLE = Automatic;
				CURRENT_PROJECT_VERSION = 1;
				DEVELOPMENT_TEAM = R6B33YVR42;
				GENERATE_INFOPLIST_FILE = YES;
				INFOPLIST_FILE = DGarciaMapas/Info.plist;
				INFOPLIST_KEY_UIApplicationSupportsIndirectInputEvents = YES;
				INFOPLIST_KEY_UILaunchStoryboardName = LaunchScreen;
				INFOPLIST_KEY_UIMainStoryboardFile = Main;
				INFOPLIST_KEY_UISupportedInterfaceOrientations_iPad = "UIInterfaceOrientationPortrait UIInterfaceOrientationPortraitUpsideDown UIInterfaceOrientationLandscapeLeft UIInterfaceOrientationLandscapeRight";
				INFOPLIST_KEY_UISupportedInterfaceOrientations_iPhone = "UIInterfaceOrientationPortrait UIInterfaceOrientationLandscapeLeft UIInterfaceOrientationLandscapeRight";
				LD_RUNPATH_SEARCH_PATHS = (
					"$(inherited)",
					"@executable_path/Frameworks",
				);
				MARKETING_VERSION = 1.0;
				PRODUCT_BUNDLE_IDENTIFIER = com.digis.DGarciaMapas;
				PRODUCT_NAME = "$(TARGET_NAME)";
				SWIFT_EMIT_LOC_STRINGS = YES;
				SWIFT_VERSION = 5.0;
				TARGETED_DEVICE_FAMILY = "1,2";
			};
			name = Debug;
		};
		EFF1C97829CA120F0029E35C /* Release */ = {
			isa = XCBuildConfiguration;
			buildSettings = {
				ASSETCATALOG_COMPILER_APPICON_NAME = AppIcon;
				ASSETCATALOG_COMPILER_GLOBAL_ACCENT_COLOR_NAME = AccentColor;
				CODE_SIGN_STYLE = Automatic;
				CURRENT_PROJECT_VERSION = 1;
				DEVELOPMENT_TEAM = R6B33YVR42;
				GENERATE_INFOPLIST_FILE = YES;
				INFOPLIST_FILE = DGarciaMapas/Info.plist;
				INFOPLIST_KEY_UIApplicationSupportsIndirectInputEvents = YES;
				INFOPLIST_KEY_UILaunchStoryboardName = LaunchScreen;
				INFOPLIST_KEY_UIMainStoryboardFile = Main;
				INFOPLIST_KEY_UISupportedInterfaceOrientations_iPad = "UIInterfaceOrientationPortrait UIInterfaceOrientationPortraitUpsideDown UIInterfaceOrientationLandscapeLeft UIInterfaceOrientationLandscapeRight";
				INFOPLIST_KEY_UISupportedInterfaceOrientations_iPhone = "UIInterfaceOrientationPortrait UIInterfaceOrientationLandscapeLeft UIInterfaceOrientationLandscapeRight";
				LD_RUNPATH_SEARCH_PATHS = (
					"$(inherited)",
					"@executable_path/Frameworks",
				);
				MARKETING_VERSION = 1.0;
				PRODUCT_BUNDLE_IDENTIFIER = com.digis.DGarciaMapas;
				PRODUCT_NAME = "$(TARGET_NAME)";
				SWIFT_EMIT_LOC_STRINGS = YES;
				SWIFT_VERSION = 5.0;
				TARGETED_DEVICE_FAMILY = "1,2";
			};
			name = Release;
		};
/* End XCBuildConfiguration section */

/* Begin XCConfigurationList section */
		EFF1C95A29CA120E0029E35C /* Build configuration list for PBXProject "DGarciaMapas" */ = {
			isa = XCConfigurationList;
			buildConfigurations = (
				EFF1C97429CA120F0029E35C /* Debug */,
				EFF1C97529CA120F0029E35C /* Release */,
			);
			defaultConfigurationIsVisible = 0;
			defaultConfigurationName = Release;
		};
		EFF1C97629CA120F0029E35C /* Build configuration list for PBXNativeTarget "DGarciaMapas" */ = {
			isa = XCConfigurationList;
			buildConfigurations = (
				EFF1C97729CA120F0029E35C /* Debug */,
				EFF1C97829CA120F0029E35C /* Release */,
			);
			defaultConfigurationIsVisible = 0;
			defaultConfigurationName = Release;
		};
/* End XCConfigurationList section */

/* Begin XCVersionGroup section */
		EFF1C96B29CA120E0029E35C /* DGarciaMapas.xcdatamodeld */ = {
			isa = XCVersionGroup;
			children = (
				EFF1C96C29CA120E0029E35C /* DGarciaMapas.xcdatamodel */,
			);
			currentVersion = EFF1C96C29CA120E0029E35C /* DGarciaMapas.xcdatamodel */;
			path = DGarciaMapas.xcdatamodeld;
			sourceTree = "<group>";
			versionGroupType = wrapper.xcdatamodel;
		};
/* End XCVersionGroup section */
	};
	rootObject = EFF1C95729CA120E0029E35C /* Project object */;
}
